
Microsoft Visual Studio Solution File, Format Version 12.00
# Visual Studio Version 17
VisualStudioVersion = 17.0.31919.166
MinimumVisualStudioVersion = 10.0.40219.1
Project("{9A19103F-16F7-4668-BE54-9A1E7A4F7556}") = "BatailleNavaleServer", "BatailleNavale\BatailleNavaleServer.csproj", "{8E34263B-4023-419F-AAEE-7B1C78133E77}"
EndProject
Global
	GlobalSection(SolutionConfigurationPlatforms) = preSolution
		Debug|Any CPU = Debug|Any CPU
		Release|Any CPU = Release|Any CPU
	EndGlobalSection
	GlobalSection(ProjectConfigurationPlatforms) = postSolution
		{8E34263B-4023-419F-AAEE-7B1C78133E77}.Debug|Any CPU.ActiveCfg = Debug|Any CPU
		{8E34263B-4023-419F-AAEE-7B1C78133E77}.Debug|Any CPU.Build.0 = Debug|Any CPU
		{8E34263B-4023-419F-AAEE-7B1C78133E77}.Release|Any CPU.ActiveCfg = Release|Any CPU
		{8E34263B-4023-419F-AAEE-7B1C78133E77}.Release|Any CPU.Build.0 = Release|Any CPU
	EndGlobalSection
	GlobalSection(SolutionProperties) = preSolution
		HideSolutionNode = FALSE
	EndGlobalSection
	GlobalSection(ExtensibilityGlobals) = postSolution
		SolutionGuid = {BFFDA5C6-E0CD-482D-BD97-3DDC148DC7AA}
	EndGlobalSection
EndGlobal
